{
    "name": "include",
    "lockfileVersion": 3,
    "requires": true,
    "packages": {
        "": {
            "dependencies": {
                "uWebSockets.js": "github:uNetworking/uWebSockets.js#v20.41.0"
            }
        },
        "node_modules/uWebSockets.js": {
            "version": "20.41.0",
            "resolved": "git+ssh://git@github.com/uNetworking/uWebSockets.js.git#105d9ec47126cb82e4a6f3a08aa2ac78b4bb14f1"
        }
    }
}
