{
    "name": "include",
    "lockfileVersion": 3,
    "requires": true,
    "packages": {
        "": {
            "dependencies": {
                "uWebSockets.js": "github:uNetworking/uWebSockets.js#v20.51.0"
            }
        },
        "node_modules/uWebSockets.js": {
            "version": "20.51.0",
            "resolved": "git+ssh://git@github.com/uNetworking/uWebSockets.js.git#6609a88ffa9a16ac5158046761356ce03250a0df",
            "license": "Apache-2.0"
        }
    }
}
